// !$*UTF8*$!
{
	archiveVersion = 1;
	classes = {
	};
	objectVersion = 46;
	objects = {

/* Begin PBXBuildFile section */
		A26C8FA819DC2A3E000F6E5F /* main.m in Sources */ = {isa = PBXBuildFile; fileRef = A26C8FA719DC2A3E000F6E5F /* main.m */; };
		A26C8FAB19DC2A3E000F6E5F /* AppDelegate.m in Sources */ = {isa = PBXBuildFile; fileRef = A26C8FAA19DC2A3E000F6E5F /* AppDelegate.m */; };
		A26C8FAE19DC2A3E000F6E5F /* Race_to_the_Top.xcdatamodeld in Sources */ = {isa = PBXBuildFile; fileRef = A26C8FAC19DC2A3E000F6E5F /* Race_to_the_Top.xcdatamodeld */; };
		A26C8FB119DC2A3E000F6E5F /* ViewController.m in Sources */ = {isa = PBXBuildFile; fileRef = A26C8FB019DC2A3E000F6E5F /* ViewController.m */; };
		A26C8FB419DC2A3E000F6E5F /* Main.storyboard in Resources */ = {isa = PBXBuildFile; fileRef = A26C8FB219DC2A3E000F6E5F /* Main.storyboard */; };
		A26C8FB619DC2A3E000F6E5F /* Images.xcassets in Resources */ = {isa = PBXBuildFile; fileRef = A26C8FB519DC2A3E000F6E5F /* Images.xcassets */; };
		A26C8FB919DC2A3E000F6E5F /* LaunchScreen.xib in Resources */ = {isa = PBXBuildFile; fileRef = A26C8FB719DC2A3E000F6E5F /* LaunchScreen.xib */; };
		A26C8FC519DC2A3E000F6E5F /* Race_to_the_TopTests.m in Sources */ = {isa = PBXBuildFile; fileRef = A26C8FC419DC2A3E000F6E5F /* Race_to_the_TopTests.m */; };
/* End PBXBuildFile section */

/* Begin PBXContainerItemProxy section */
		A26C8FBF19DC2A3E000F6E5F /* PBXContainerItemProxy */ = {
			isa = PBXContainerItemProxy;
			containerPortal = A26C8F9A19DC2A3E000F6E5F /* Project object */;
			proxyType = 1;
			remoteGlobalIDString = A26C8FA119DC2A3E000F6E5F;
			remoteInfo = "Race to the Top";
		};
/* End PBXContainerItemProxy section */

/* Begin PBXFileReference section */
		A26C8FA219DC2A3E000F6E5F /* Race to the Top.app */ = {isa = PBXFileReference; explicitFileType = wrapper.application; includeInIndex = 0; path = "Race to the Top.app"; sourceTree = BUILT_PRODUCTS_DIR; };
		A26C8FA619DC2A3E000F6E5F /* Info.plist */ = {isa = PBXFileReference; lastKnownFileType = text.plist.xml; path = Info.plist; sourceTree = "<group>"; };
		A26C8FA719DC2A3E000F6E5F /* main.m */ = {isa = PBXFileReference; lastKnownFileType = sourcecode.c.objc; path = main.m; sourceTree = "<group>"; };
		A26C8FA919DC2A3E000F6E5F /* AppDelegate.h */ = {isa = PBXFileReference; lastKnownFileType = sourcecode.c.h; path = AppDelegate.h; sourceTree = "<group>"; };
		A26C8FAA19DC2A3E000F6E5F /* AppDelegate.m */ = {isa = PBXFileReference; lastKnownFileType = sourcecode.c.objc; path = AppDelegate.m; sourceTree = "<group>"; };
		A26C8FAD19DC2A3E000F6E5F /* Race_to_the_Top.xcdatamodel */ = {isa = PBXFileReference; lastKnownFileType = wrapper.xcdatamodel; path = Race_to_the_Top.xcdatamodel; sourceTree = "<group>"; };
		A26C8FAF19DC2A3E000F6E5F /* ViewController.h */ = {isa = PBXFileReference; lastKnownFileType = sourcecode.c.h; path = ViewController.h; sourceTree = "<group>"; };
		A26C8FB019DC2A3E000F6E5F /* ViewController.m */ = {isa = PBXFileReference; lastKnownFileType = sourcecode.c.objc; path = ViewController.m; sourceTree = "<group>"; };
		A26C8FB319DC2A3E000F6E5F /* Base */ = {isa = PBXFileReference; lastKnownFileType = file.storyboard; name = Base; path = Base.lproj/Main.storyboard; sourceTree = "<group>"; };
		A26C8FB519DC2A3E000F6E5F /* Images.xcassets */ = {isa = PBXFileReference; lastKnownFileType = folder.assetcatalog; path = Images.xcassets; sourceTree = "<group>"; };
		A26C8FB819DC2A3E000F6E5F /* Base */ = {isa = PBXFileReference; lastKnownFileType = file.xib; name = Base; path = Base.lproj/LaunchScreen.xib; sourceTree = "<group>"; };
		A26C8FBE19DC2A3E000F6E5F /* Race to the TopTests.xctest */ = {isa = PBXFileReference; explicitFileType = wrapper.cfbundle; includeInIndex = 0; path = "Race to the TopTests.xctest"; sourceTree = BUILT_PRODUCTS_DIR; };
		A26C8FC319DC2A3E000F6E5F /* Info.plist */ = {isa = PBXFileReference; lastKnownFileType = text.plist.xml; path = Info.plist; sourceTree = "<group>"; };
		A26C8FC419DC2A3E000F6E5F /* Race_to_the_TopTests.m */ = {isa = PBXFileReference; lastKnownFileType = sourcecode.c.objc; path = Race_to_the_TopTests.m; sourceTree = "<group>"; };
/* End PBXFileReference section */

/* Begin PBXFrameworksBuildPhase section */
		A26C8F9F19DC2A3E000F6E5F /* Frameworks */ = {
			isa = PBXFrameworksBuildPhase;
			buildActionMask = 2147483647;
			files = (
			);
			runOnlyForDeploymentPostprocessing = 0;
		};
		A26C8FBB19DC2A3E000F6E5F /* Frameworks */ = {
			isa = PBXFrameworksBuildPhase;
			buildActionMask = 2147483647;
			files = (
			);
			runOnlyForDeploymentPostprocessing = 0;
		};
/* End PBXFrameworksBuildPhase section */

/* Begin PBXGroup section */
		A26C8F9919DC2A3E000F6E5F = {
			isa = PBXGroup;
			children = (
				A26C8FA419DC2A3E000F6E5F /* Race to the Top */,
				A26C8FC119DC2A3E000F6E5F /* Race to the TopTests */,
				A26C8FA319DC2A3E000F6E5F /* Products */,
			);
			sourceTree = "<group>";
		};
		A26C8FA319DC2A3E000F6E5F /* Products */ = {
			isa = PBXGroup;
			children = (
				A26C8FA219DC2A3E000F6E5F /* Race to the Top.app */,
				A26C8FBE19DC2A3E000F6E5F /* Race to the TopTests.xctest */,
			);
			name = Products;
			sourceTree = "<group>";
		};
		A26C8FA419DC2A3E000F6E5F /* Race to the Top */ = {
			isa = PBXGroup;
			children = (
				A26C8FA919DC2A3E000F6E5F /* AppDelegate.h */,
				A26C8FAA19DC2A3E000F6E5F /* AppDelegate.m */,
				A26C8FAF19DC2A3E000F6E5F /* ViewController.h */,
				A26C8FB019DC2A3E000F6E5F /* ViewController.m */,
				A26C8FB219DC2A3E000F6E5F /* Main.storyboard */,
				A26C8FB519DC2A3E000F6E5F /* Images.xcassets */,
				A26C8FB719DC2A3E000F6E5F /* LaunchScreen.xib */,
				A26C8FAC19DC2A3E000F6E5F /* Race_to_the_Top.xcdatamodeld */,
				A26C8FA519DC2A3E000F6E5F /* Supporting Files */,
			);
			path = "Race to the Top";
			sourceTree = "<group>";
		};
		A26C8FA519DC2A3E000F6E5F /* Supporting Files */ = {
			isa = PBXGroup;
			children = (
				A26C8FA619DC2A3E000F6E5F /* Info.plist */,
				A26C8FA719DC2A3E000F6E5F /* main.m */,
			);
			name = "Supporting Files";
			sourceTree = "<group>";
		};
		A26C8FC119DC2A3E000F6E5F /* Race to the TopTests */ = {
			isa = PBXGroup;
			children = (
				A26C8FC419DC2A3E000F6E5F /* Race_to_the_TopTests.m */,
				A26C8FC219DC2A3E000F6E5F /* Supporting Files */,
			);
			path = "Race to the TopTests";
			sourceTree = "<group>";
		};
		A26C8FC219DC2A3E000F6E5F /* Supporting Files */ = {
			isa = PBXGroup;
			children = (
				A26C8FC319DC2A3E000F6E5F /* Info.plist */,
			);
			name = "Supporting Files";
			sourceTree = "<group>";
		};
/* End PBXGroup section */

/* Begin PBXNativeTarget section */
		A26C8FA119DC2A3E000F6E5F /* Race to the Top */ = {
			isa = PBXNativeTarget;
			buildConfigurationList = A26C8FC819DC2A3E000F6E5F /* Build configuration list for PBXNativeTarget "Race to the Top" */;
			buildPhases = (
				A26C8F9E19DC2A3E000F6E5F /* Sources */,
				A26C8F9F19DC2A3E000F6E5F /* Frameworks */,
				A26C8FA019DC2A3E000F6E5F /* Resources */,
			);
			buildRules = (
			);
			dependencies = (
			);
			name = "Race to the Top";
			productName = "Race to the Top";
			productReference = A26C8FA219DC2A3E000F6E5F /* Race to the Top.app */;
			productType = "com.apple.product-type.application";
		};
		A26C8FBD19DC2A3E000F6E5F /* Race to the TopTests */ = {
			isa = PBXNativeTarget;
			buildConfigurationList = A26C8FCB19DC2A3E000F6E5F /* Build configuration list for PBXNativeTarget "Race to the TopTests" */;
			buildPhases = (
				A26C8FBA19DC2A3E000F6E5F /* Sources */,
				A26C8FBB19DC2A3E000F6E5F /* Frameworks */,
				A26C8FBC19DC2A3E000F6E5F /* Resources */,
			);
			buildRules = (
			);
			dependencies = (
				A26C8FC019DC2A3E000F6E5F /* PBXTargetDependency */,
			);
			name = "Race to the TopTests";
			productName = "Race to the TopTests";
			productReference = A26C8FBE19DC2A3E000F6E5F /* Race to the TopTests.xctest */;
			productType = "com.apple.product-type.bundle.unit-test";
		};
/* End PBXNativeTarget section */

/* Begin PBXProject section */
		A26C8F9A19DC2A3E000F6E5F /* Project object */ = {
			isa = PBXProject;
			attributes = {
				LastUpgradeCheck = 0600;
				ORGANIZATIONNAME = BrickInc;
				TargetAttributes = {
					A26C8FA119DC2A3E000F6E5F = {
						CreatedOnToolsVersion = 6.0.1;
					};
					A26C8FBD19DC2A3E000F6E5F = {
						CreatedOnToolsVersion = 6.0.1;
						TestTargetID = A26C8FA119DC2A3E000F6E5F;
					};
				};
			};
			buildConfigurationList = A26C8F9D19DC2A3E000F6E5F /* Build configuration list for PBXProject "Race to the Top" */;
			compatibilityVersion = "Xcode 3.2";
			developmentRegion = English;
			hasScannedForEncodings = 0;
			knownRegions = (
				en,
				Base,
			);
			mainGroup = A26C8F9919DC2A3E000F6E5F;
			productRefGroup = A26C8FA319DC2A3E000F6E5F /* Products */;
			projectDirPath = "";
			projectRoot = "";
			targets = (
				A26C8FA119DC2A3E000F6E5F /* Race to the Top */,
				A26C8FBD19DC2A3E000F6E5F /* Race to the TopTests */,
			);
		};
/* End PBXProject section */

/* Begin PBXResourcesBuildPhase section */
		A26C8FA019DC2A3E000F6E5F /* Resources */ = {
			isa = PBXResourcesBuildPhase;
			buildActionMask = 2147483647;
			files = (
				A26C8FB419DC2A3E000F6E5F /* Main.storyboard in Resources */,
				A26C8FB919DC2A3E000F6E5F /* LaunchScreen.xib in Resources */,
				A26C8FB619DC2A3E000F6E5F /* Images.xcassets in Resources */,
			);
			runOnlyForDeploymentPostprocessing = 0;
		};
		A26C8FBC19DC2A3E000F6E5F /* Resources */ = {
			isa = PBXResourcesBuildPhase;
			buildActionMask = 2147483647;
			files = (
			);
			runOnlyForDeploymentPostprocessing = 0;
		};
/* End PBXResourcesBuildPhase section */

/* Begin PBXSourcesBuildPhase section */
		A26C8F9E19DC2A3E000F6E5F /* Sources */ = {
			isa = PBXSourcesBuildPhase;
			buildActionMask = 2147483647;
			files = (
				A26C8FAB19DC2A3E000F6E5F /* AppDelegate.m in Sources */,
				A26C8FA819DC2A3E000F6E5F /* main.m in Sources */,
				A26C8FB119DC2A3E000F6E5F /* ViewController.m in Sources */,
				A26C8FAE19DC2A3E000F6E5F /* Race_to_the_Top.xcdatamodeld in Sources */,
			);
			runOnlyForDeploymentPostprocessing = 0;
		};
		A26C8FBA19DC2A3E000F6E5F /* Sources */ = {
			isa = PBXSourcesBuildPhase;
			buildActionMask = 2147483647;
			files = (
				A26C8FC519DC2A3E000F6E5F /* Race_to_the_TopTests.m in Sources */,
			);
			runOnlyForDeploymentPostprocessing = 0;
		};
/* End PBXSourcesBuildPhase section */

/* Begin PBXTargetDependency section */
		A26C8FC019DC2A3E000F6E5F /* PBXTargetDependency */ = {
			isa = PBXTargetDependency;
			target = A26C8FA119DC2A3E000F6E5F /* Race to the Top */;
			targetProxy = A26C8FBF19DC2A3E000F6E5F /* PBXContainerItemProxy */;
		};
/* End PBXTargetDependency section */

/* Begin PBXVariantGroup section */
		A26C8FB219DC2A3E000F6E5F /* Main.storyboard */ = {
			isa = PBXVariantGroup;
			children = (
				A26C8FB319DC2A3E000F6E5F /* Base */,
			);
			name = Main.storyboard;
			sourceTree = "<group>";
		};
		A26C8FB719DC2A3E000F6E5F /* LaunchScreen.xib */ = {
			isa = PBXVariantGroup;
			children = (
				A26C8FB819DC2A3E000F6E5F /* Base */,
			);
			name = LaunchScreen.xib;
			sourceTree = "<group>";
		};
/* End PBXVariantGroup section */

/* Begin XCBuildConfiguration section */
		A26C8FC619DC2A3E000F6E5F /* Debug */ = {
			isa = XCBuildConfiguration;
			buildSettings = {
				ALWAYS_SEARCH_USER_PATHS = NO;
				CLANG_CXX_LANGUAGE_STANDARD = "gnu++0x";
				CLANG_CXX_LIBRARY = "libc++";
				CLANG_ENABLE_MODULES = YES;
				CLANG_ENABLE_OBJC_ARC = YES;
				CLANG_WARN_BOOL_CONVERSION = YES;
				CLANG_WARN_CONSTANT_CONVERSION = YES;
				CLANG_WARN_DIRECT_OBJC_ISA_USAGE = YES_ERROR;
				CLANG_WARN_EMPTY_BODY = YES;
				CLANG_WARN_ENUM_CONVERSION = YES;
				CLANG_WARN_INT_CONVERSION = YES;
				CLANG_WARN_OBJC_ROOT_CLASS = YES_ERROR;
				CLANG_WARN_UNREACHABLE_CODE = YES;
				CLANG_WARN__DUPLICATE_METHOD_MATCH = YES;
				"CODE_SIGN_IDENTITY[sdk=iphoneos*]" = "iPhone Developer";
				COPY_PHASE_STRIP = NO;
				ENABLE_STRICT_OBJC_MSGSEND = YES;
				GCC_C_LANGUAGE_STANDARD = gnu99;
				GCC_DYNAMIC_NO_PIC = NO;
				GCC_OPTIMIZATION_LEVEL = 0;
				GCC_PREPROCESSOR_DEFINITIONS = (
					"DEBUG=1",
					"$(inherited)",
				);
				GCC_SYMBOLS_PRIVATE_EXTERN = NO;
				GCC_WARN_64_TO_32_BIT_CONVERSION = YES;
				GCC_WARN_ABOUT_RETURN_TYPE = YES_ERROR;
				GCC_WARN_UNDECLARED_SELECTOR = YES;
				GCC_WARN_UNINITIALIZED_AUTOS = YES_AGGRESSIVE;
				GCC_WARN_UNUSED_FUNCTION = YES;
				GCC_WARN_UNUSED_VARIABLE = YES;
				IPHONEOS_DEPLOYMENT_TARGET = 8.0;
				MTL_ENABLE_DEBUG_INFO = YES;
				ONLY_ACTIVE_ARCH = YES;
				SDKROOT = iphoneos;
			};
			name = Debug;
		};
		A26C8FC719DC2A3E000F6E5F /* Release */ = {
			isa = XCBuildConfiguration;
			buildSettings = {
				ALWAYS_SEARCH_USER_PATHS = NO;
				CLANG_CXX_LANGUAGE_STANDARD = "gnu++0x";
				CLANG_CXX_LIBRARY = "libc++";
				CLANG_ENABLE_MODULES = YES;
				CLANG_ENABLE_OBJC_ARC = YES;
				CLANG_WARN_BOOL_CONVERSION = YES;
				CLANG_WARN_CONSTANT_CONVERSION = YES;
				CLANG_WARN_DIRECT_OBJC_ISA_USAGE = YES_ERROR;
				CLANG_WARN_EMPTY_BODY = YES;
				CLANG_WARN_ENUM_CONVERSION = YES;
				CLANG_WARN_INT_CONVERSION = YES;
				CLANG_WARN_OBJC_ROOT_CLASS = YES_ERROR;
				CLANG_WARN_UNREACHABLE_CODE = YES;
				CLANG_WARN__DUPLICATE_METHOD_MATCH = YES;
				"CODE_SIGN_IDENTITY[sdk=iphoneos*]" = "iPhone Developer";
				COPY_PHASE_STRIP = YES;
				ENABLE_NS_ASSERTIONS = NO;
				ENABLE_STRICT_OBJC_MSGSEND = YES;
				GCC_C_LANGUAGE_STANDARD = gnu99;
				GCC_WARN_64_TO_32_BIT_CONVERSION = YES;
				GCC_WARN_ABOUT_RETURN_TYPE = YES_ERROR;
				GCC_WARN_UNDECLARED_SELECTOR = YES;
				GCC_WARN_UNINITIALIZED_AUTOS = YES_AGGRESSIVE;
				GCC_WARN_UNUSED_FUNCTION = YES;
				GCC_WARN_UNUSED_VARIABLE = YES;
				IPHONEOS_DEPLOYMENT_TARGET = 8.0;
				MTL_ENABLE_DEBUG_INFO = NO;
				SDKROOT = iphoneos;
				VALIDATE_PRODUCT = YES;
			};
			name = Release;
		};
		A26C8FC919DC2A3E000F6E5F /* Debug */ = {
			isa = XCBuildConfiguration;
			buildSettings = {
				ASSETCATALOG_COMPILER_APPICON_NAME = AppIcon;
				INFOPLIST_FILE = "Race to the Top/Info.plist";
				LD_RUNPATH_SEARCH_PATHS = "$(inherited) @executable_path/Frameworks";
				PRODUCT_NAME = "$(TARGET_NAME)";
			};
			name = Debug;
		};
		A26C8FCA19DC2A3E000F6E5F /* Release */ = {
			isa = XCBuildConfiguration;
			buildSettings = {
				ASSETCATALOG_COMPILER_APPICON_NAME = AppIcon;
				INFOPLIST_FILE = "Race to the Top/Info.plist";
				LD_RUNPATH_SEARCH_PATHS = "$(inherited) @executable_path/Frameworks";
				PRODUCT_NAME = "$(TARGET_NAME)";
			};
			name = Release;
		};
		A26C8FCC19DC2A3E000F6E5F /* Debug */ = {
			isa = XCBuildConfiguration;
			buildSettings = {
				BUNDLE_LOADER = "$(TEST_HOST)";
				FRAMEWORK_SEARCH_PATHS = (
					"$(SDKROOT)/Developer/Library/Frameworks",
					"$(inherited)",
				);
				GCC_PREPROCESSOR_DEFINITIONS = (
					"DEBUG=1",
					"$(inherited)",
				);
				INFOPLIST_FILE = "Race to the TopTests/Info.plist";
				LD_RUNPATH_SEARCH_PATHS = "$(inherited) @executable_path/Frameworks @loader_path/Frameworks";
				PRODUCT_NAME = "$(TARGET_NAME)";
				TEST_HOST = "$(BUILT_PRODUCTS_DIR)/Race to the Top.app/Race to the Top";
			};
			name = Debug;
		};
		A26C8FCD19DC2A3E000F6E5F /* Release */ = {
			isa = XCBuildConfiguration;
			buildSettings = {
				BUNDLE_LOADER = "$(TEST_HOST)";
				FRAMEWORK_SEARCH_PATHS = (
					"$(SDKROOT)/Developer/Library/Frameworks",
					"$(inherited)",
				);
				INFOPLIST_FILE = "Race to the TopTests/Info.plist";
				LD_RUNPATH_SEARCH_PATHS = "$(inherited) @executable_path/Frameworks @loader_path/Frameworks";
				PRODUCT_NAME = "$(TARGET_NAME)";
				TEST_HOST = "$(BUILT_PRODUCTS_DIR)/Race to the Top.app/Race to the Top";
			};
			name = Release;
		};
/* End XCBuildConfiguration section */

/* Begin XCConfigurationList section */
		A26C8F9D19DC2A3E000F6E5F /* Build configuration list for PBXProject "Race to the Top" */ = {
			isa = XCConfigurationList;
			buildConfigurations = (
				A26C8FC619DC2A3E000F6E5F /* Debug */,
				A26C8FC719DC2A3E000F6E5F /* Release */,
			);
			defaultConfigurationIsVisible = 0;
			defaultConfigurationName = Release;
		};
		A26C8FC819DC2A3E000F6E5F /* Build configuration list for PBXNativeTarget "Race to the Top" */ = {
			isa = XCConfigurationList;
			buildConfigurations = (
				A26C8FC919DC2A3E000F6E5F /* Debug */,
				A26C8FCA19DC2A3E000F6E5F /* Release */,
			);
			defaultConfigurationIsVisible = 0;
		};
		A26C8FCB19DC2A3E000F6E5F /* Build configuration list for PBXNativeTarget "Race to the TopTests" */ = {
			isa = XCConfigurationList;
			buildConfigurations = (
				A26C8FCC19DC2A3E000F6E5F /* Debug */,
				A26C8FCD19DC2A3E000F6E5F /* Release */,
			);
			defaultConfigurationIsVisible = 0;
		};
/* End XCConfigurationList section */

/* Begin XCVersionGroup section */
		A26C8FAC19DC2A3E000F6E5F /* Race_to_the_Top.xcdatamodeld */ = {
			isa = XCVersionGroup;
			children = (
				A26C8FAD19DC2A3E000F6E5F /* Race_to_the_Top.xcdatamodel */,
			);
			currentVersion = A26C8FAD19DC2A3E000F6E5F /* Race_to_the_Top.xcdatamodel */;
			path = Race_to_the_Top.xcdatamodeld;
			sourceTree = "<group>";
			versionGroupType = wrapper.xcdatamodel;
		};
/* End XCVersionGroup section */
	};
	rootObject = A26C8F9A19DC2A3E000F6E5F /* Project object */;
}
